
Microsoft Visual Studio Solution File, Format Version 12.00
# Visual Studio Version 17
Project("{8BC9CEB8-8B4A-11D0-8D11-00A0C91BC942}") = "ALL_BUILD", "ALL_BUILD.vcxproj", "{EE941F89-91CF-3004-893F-671E354A16C0}"
	ProjectSection(ProjectDependencies) = postProject
		{65866FD5-F10B-37DE-A44A-5A8966326A55} = {65866FD5-F10B-37DE-A44A-5A8966326A55}
		{7CA65C02-94A6-313E-A0B2-D61F7999B350} = {7CA65C02-94A6-313E-A0B2-D61F7999B350}
		{91CA72E8-9A0C-3456-9D7B-B4E3ED8E0F6F} = {91CA72E8-9A0C-3456-9D7B-B4E3ED8E0F6F}
		{78E3E376-7ED8-3C41-A354-B31445F54D14} = {78E3E376-7ED8-3C41-A354-B31445F54D14}
		{53386313-357C-3332-A7DD-CBCB915E7CFF} = {53386313-357C-3332-A7DD-CBCB915E7CFF}
	EndProjectSection
EndProject
Project("{8BC9CEB8-8B4A-11D0-8D11-00A0C91BC942}") = "INSTALL", "INSTALL.vcxproj", "{8095E90E-76C9-388F-AA02-1262F4B30A76}"
	ProjectSection(ProjectDependencies) = postProject
		{EE941F89-91CF-3004-893F-671E354A16C0} = {EE941F89-91CF-3004-893F-671E354A16C0}
		{65866FD5-F10B-37DE-A44A-5A8966326A55} = {65866FD5-F10B-37DE-A44A-5A8966326A55}
	EndProjectSection
EndProject
Project("{8BC9CEB8-8B4A-11D0-8D11-00A0C91BC942}") = "RUN_TESTS", "RUN_TESTS.vcxproj", "{81A50FE4-63DC-3D39-B957-49E931B7D353}"
	ProjectSection(ProjectDependencies) = postProject
		{65866FD5-F10B-37DE-A44A-5A8966326A55} = {65866FD5-F10B-37DE-A44A-5A8966326A55}
	EndProjectSection
EndProject
Project("{8BC9CEB8-8B4A-11D0-8D11-00A0C91BC942}") = "ZERO_CHECK", "ZERO_CHECK.vcxproj", "{65866FD5-F10B-37DE-A44A-5A8966326A55}"
	ProjectSection(ProjectDependencies) = postProject
	EndProjectSection
EndProject
Project("{8BC9CEB8-8B4A-11D0-8D11-00A0C91BC942}") = "lightSurgeon", "lightSurgeon.vcxproj", "{7CA65C02-94A6-313E-A0B2-D61F7999B350}"
	ProjectSection(ProjectDependencies) = postProject
		{65866FD5-F10B-37DE-A44A-5A8966326A55} = {65866FD5-F10B-37DE-A44A-5A8966326A55}
		{78E3E376-7ED8-3C41-A354-B31445F54D14} = {78E3E376-7ED8-3C41-A354-B31445F54D14}
	EndProjectSection
EndProject
Project("{8BC9CEB8-8B4A-11D0-8D11-00A0C91BC942}") = "lightsurgeon", "lightsurgeon.vcxproj", "{91CA72E8-9A0C-3456-9D7B-B4E3ED8E0F6F}"
	ProjectSection(ProjectDependencies) = postProject
		{65866FD5-F10B-37DE-A44A-5A8966326A55} = {65866FD5-F10B-37DE-A44A-5A8966326A55}
		{78E3E376-7ED8-3C41-A354-B31445F54D14} = {78E3E376-7ED8-3C41-A354-B31445F54D14}
	EndProjectSection
EndProject
Project("{8BC9CEB8-8B4A-11D0-8D11-00A0C91BC942}") = "lightsurgeon_core", "lightsurgeon_core.vcxproj", "{78E3E376-7ED8-3C41-A354-B31445F54D14}"
	ProjectSection(ProjectDependencies) = postProject
		{65866FD5-F10B-37DE-A44A-5A8966326A55} = {65866FD5-F10B-37DE-A44A-5A8966326A55}
	EndProjectSection
EndProject
Project("{8BC9CEB8-8B4A-11D0-8D11-00A0C91BC942}") = "lightsurgeon_tests", "lightsurgeon_tests.vcxproj", "{53386313-357C-3332-A7DD-CBCB915E7CFF}"
	ProjectSection(ProjectDependencies) = postProject
		{65866FD5-F10B-37DE-A44A-5A8966326A55} = {65866FD5-F10B-37DE-A44A-5A8966326A55}
		{78E3E376-7ED8-3C41-A354-B31445F54D14} = {78E3E376-7ED8-3C41-A354-B31445F54D14}
	EndProjectSection
EndProject
Global
	GlobalSection(SolutionConfigurationPlatforms) = preSolution
		Debug|x64 = Debug|x64
		Release|x64 = Release|x64
		MinSizeRel|x64 = MinSizeRel|x64
		RelWithDebInfo|x64 = RelWithDebInfo|x64
	EndGlobalSection
	GlobalSection(ProjectConfigurationPlatforms) = postSolution
		{EE941F89-91CF-3004-893F-671E354A16C0}.Debug|x64.ActiveCfg = Debug|x64
		{EE941F89-91CF-3004-893F-671E354A16C0}.Debug|x64.Build.0 = Debug|x64
		{EE941F89-91CF-3004-893F-671E354A16C0}.Release|x64.ActiveCfg = Release|x64
		{EE941F89-91CF-3004-893F-671E354A16C0}.Release|x64.Build.0 = Release|x64
		{EE941F89-91CF-3004-893F-671E354A16C0}.MinSizeRel|x64.ActiveCfg = MinSizeRel|x64
		{EE941F89-91CF-3004-893F-671E354A16C0}.MinSizeRel|x64.Build.0 = MinSizeRel|x64
		{EE941F89-91CF-3004-893F-671E354A16C0}.RelWithDebInfo|x64.ActiveCfg = RelWithDebInfo|x64
		{EE941F89-91CF-3004-893F-671E354A16C0}.RelWithDebInfo|x64.Build.0 = RelWithDebInfo|x64
		{8095E90E-76C9-388F-AA02-1262F4B30A76}.Debug|x64.ActiveCfg = Debug|x64
		{8095E90E-76C9-388F-AA02-1262F4B30A76}.Release|x64.ActiveCfg = Release|x64
		{8095E90E-76C9-388F-AA02-1262F4B30A76}.MinSizeRel|x64.ActiveCfg = MinSizeRel|x64
		{8095E90E-76C9-388F-AA02-1262F4B30A76}.RelWithDebInfo|x64.ActiveCfg = RelWithDebInfo|x64
		{81A50FE4-63DC-3D39-B957-49E931B7D353}.Debug|x64.ActiveCfg = Debug|x64
		{81A50FE4-63DC-3D39-B957-49E931B7D353}.Release|x64.ActiveCfg = Release|x64
		{81A50FE4-63DC-3D39-B957-49E931B7D353}.MinSizeRel|x64.ActiveCfg = MinSizeRel|x64
		{81A50FE4-63DC-3D39-B957-49E931B7D353}.RelWithDebInfo|x64.ActiveCfg = RelWithDebInfo|x64
		{65866FD5-F10B-37DE-A44A-5A8966326A55}.Debug|x64.ActiveCfg = Debug|x64
		{65866FD5-F10B-37DE-A44A-5A8966326A55}.Debug|x64.Build.0 = Debug|x64
		{65866FD5-F10B-37DE-A44A-5A8966326A55}.Release|x64.ActiveCfg = Release|x64
		{65866FD5-F10B-37DE-A44A-5A8966326A55}.Release|x64.Build.0 = Release|x64
		{65866FD5-F10B-37DE-A44A-5A8966326A55}.MinSizeRel|x64.ActiveCfg = MinSizeRel|x64
		{65866FD5-F10B-37DE-A44A-5A8966326A55}.MinSizeRel|x64.Build.0 = MinSizeRel|x64
		{65866FD5-F10B-37DE-A44A-5A8966326A55}.RelWithDebInfo|x64.ActiveCfg = RelWithDebInfo|x64
		{65866FD5-F10B-37DE-A44A-5A8966326A55}.RelWithDebInfo|x64.Build.0 = RelWithDebInfo|x64
		{7CA65C02-94A6-313E-A0B2-D61F7999B350}.Debug|x64.ActiveCfg = Debug|x64
		{7CA65C02-94A6-313E-A0B2-D61F7999B350}.Debug|x64.Build.0 = Debug|x64
		{7CA65C02-94A6-313E-A0B2-D61F7999B350}.Release|x64.ActiveCfg = Release|x64
		{7CA65C02-94A6-313E-A0B2-D61F7999B350}.Release|x64.Build.0 = Release|x64
		{7CA65C02-94A6-313E-A0B2-D61F7999B350}.MinSizeRel|x64.ActiveCfg = MinSizeRel|x64
		{7CA65C02-94A6-313E-A0B2-D61F7999B350}.MinSizeRel|x64.Build.0 = MinSizeRel|x64
		{7CA65C02-94A6-313E-A0B2-D61F7999B350}.RelWithDebInfo|x64.ActiveCfg = RelWithDebInfo|x64
		{7CA65C02-94A6-313E-A0B2-D61F7999B350}.RelWithDebInfo|x64.Build.0 = RelWithDebInfo|x64
		{91CA72E8-9A0C-3456-9D7B-B4E3ED8E0F6F}.Debug|x64.ActiveCfg = Debug|x64
		{91CA72E8-9A0C-3456-9D7B-B4E3ED8E0F6F}.Debug|x64.Build.0 = Debug|x64
		{91CA72E8-9A0C-3456-9D7B-B4E3ED8E0F6F}.Release|x64.ActiveCfg = Release|x64
		{91CA72E8-9A0C-3456-9D7B-B4E3ED8E0F6F}.Release|x64.Build.0 = Release|x64
		{91CA72E8-9A0C-3456-9D7B-B4E3ED8E0F6F}.MinSizeRel|x64.ActiveCfg = MinSizeRel|x64
		{91CA72E8-9A0C-3456-9D7B-B4E3ED8E0F6F}.MinSizeRel|x64.Build.0 = MinSizeRel|x64
		{91CA72E8-9A0C-3456-9D7B-B4E3ED8E0F6F}.RelWithDebInfo|x64.ActiveCfg = RelWithDebInfo|x64
		{91CA72E8-9A0C-3456-9D7B-B4E3ED8E0F6F}.RelWithDebInfo|x64.Build.0 = RelWithDebInfo|x64
		{78E3E376-7ED8-3C41-A354-B31445F54D14}.Debug|x64.ActiveCfg = Debug|x64
		{78E3E376-7ED8-3C41-A354-B31445F54D14}.Debug|x64.Build.0 = Debug|x64
		{78E3E376-7ED8-3C41-A354-B31445F54D14}.Release|x64.ActiveCfg = Release|x64
		{78E3E376-7ED8-3C41-A354-B31445F54D14}.Release|x64.Build.0 = Release|x64
		{78E3E376-7ED8-3C41-A354-B31445F54D14}.MinSizeRel|x64.ActiveCfg = MinSizeRel|x64
		{78E3E376-7ED8-3C41-A354-B31445F54D14}.MinSizeRel|x64.Build.0 = MinSizeRel|x64
		{78E3E376-7ED8-3C41-A354-B31445F54D14}.RelWithDebInfo|x64.ActiveCfg = RelWithDebInfo|x64
		{78E3E376-7ED8-3C41-A354-B31445F54D14}.RelWithDebInfo|x64.Build.0 = RelWithDebInfo|x64
		{53386313-357C-3332-A7DD-CBCB915E7CFF}.Debug|x64.ActiveCfg = Debug|x64
		{53386313-357C-3332-A7DD-CBCB915E7CFF}.Debug|x64.Build.0 = Debug|x64
		{53386313-357C-3332-A7DD-CBCB915E7CFF}.Release|x64.ActiveCfg = Release|x64
		{53386313-357C-3332-A7DD-CBCB915E7CFF}.Release|x64.Build.0 = Release|x64
		{53386313-357C-3332-A7DD-CBCB915E7CFF}.MinSizeRel|x64.ActiveCfg = MinSizeRel|x64
		{53386313-357C-3332-A7DD-CBCB915E7CFF}.MinSizeRel|x64.Build.0 = MinSizeRel|x64
		{53386313-357C-3332-A7DD-CBCB915E7CFF}.RelWithDebInfo|x64.ActiveCfg = RelWithDebInfo|x64
		{53386313-357C-3332-A7DD-CBCB915E7CFF}.RelWithDebInfo|x64.Build.0 = RelWithDebInfo|x64
	EndGlobalSection
	GlobalSection(ExtensibilityGlobals) = postSolution
		SolutionGuid = {21800470-50EF-3BD7-8C77-E1E7AB396278}
	EndGlobalSection
	GlobalSection(ExtensibilityAddIns) = postSolution
	EndGlobalSection
EndGlobal
