
Microsoft Visual Studio Solution File, Format Version 12.00
# Visual Studio Version 17
Project("{8BC9CEB8-8B4A-11D0-8D11-00A0C91BC942}") = "ALL_BUILD", "ALL_BUILD.vcxproj", "{4D9C4CC4-35AC-367F-81BA-590EFF160A51}"
	ProjectSection(ProjectDependencies) = postProject
		{D6C75A9B-9716-319D-88FE-DE0A8110D66E} = {D6C75A9B-9716-319D-88FE-DE0A8110D66E}
		{AEE439AA-A596-3DDB-ABEF-076B2C984721} = {AEE439AA-A596-3DDB-ABEF-076B2C984721}
		{3F9FC9BD-1002-3A18-A295-EEDFB03F2602} = {3F9FC9BD-1002-3A18-A295-EEDFB03F2602}
		{79415A6F-1CAD-35FD-A50C-E910FABCE5B8} = {79415A6F-1CAD-35FD-A50C-E910FABCE5B8}
		{48A5DD58-AD7B-32F1-9ECF-D95B435DC88E} = {48A5DD58-AD7B-32F1-9ECF-D95B435DC88E}
	EndProjectSection
EndProject
Project("{8BC9CEB8-8B4A-11D0-8D11-00A0C91BC942}") = "INSTALL", "INSTALL.vcxproj", "{FAFCB13B-BB91-3704-B305-DDAC22579C6C}"
	ProjectSection(ProjectDependencies) = postProject
		{4D9C4CC4-35AC-367F-81BA-590EFF160A51} = {4D9C4CC4-35AC-367F-81BA-590EFF160A51}
		{D6C75A9B-9716-319D-88FE-DE0A8110D66E} = {D6C75A9B-9716-319D-88FE-DE0A8110D66E}
	EndProjectSection
EndProject
Project("{8BC9CEB8-8B4A-11D0-8D11-00A0C91BC942}") = "RUN_TESTS", "RUN_TESTS.vcxproj", "{F8E7E6EB-D2B6-3349-8722-A30C312B5823}"
	ProjectSection(ProjectDependencies) = postProject
		{D6C75A9B-9716-319D-88FE-DE0A8110D66E} = {D6C75A9B-9716-319D-88FE-DE0A8110D66E}
	EndProjectSection
EndProject
Project("{8BC9CEB8-8B4A-11D0-8D11-00A0C91BC942}") = "ZERO_CHECK", "ZERO_CHECK.vcxproj", "{D6C75A9B-9716-319D-88FE-DE0A8110D66E}"
	ProjectSection(ProjectDependencies) = postProject
	EndProjectSection
EndProject
Project("{8BC9CEB8-8B4A-11D0-8D11-00A0C91BC942}") = "lightSurgeon", "lightSurgeon.vcxproj", "{AEE439AA-A596-3DDB-ABEF-076B2C984721}"
	ProjectSection(ProjectDependencies) = postProject
		{D6C75A9B-9716-319D-88FE-DE0A8110D66E} = {D6C75A9B-9716-319D-88FE-DE0A8110D66E}
		{79415A6F-1CAD-35FD-A50C-E910FABCE5B8} = {79415A6F-1CAD-35FD-A50C-E910FABCE5B8}
	EndProjectSection
EndProject
Project("{8BC9CEB8-8B4A-11D0-8D11-00A0C91BC942}") = "lightsurgeon", "lightsurgeon.vcxproj", "{3F9FC9BD-1002-3A18-A295-EEDFB03F2602}"
	ProjectSection(ProjectDependencies) = postProject
		{D6C75A9B-9716-319D-88FE-DE0A8110D66E} = {D6C75A9B-9716-319D-88FE-DE0A8110D66E}
		{79415A6F-1CAD-35FD-A50C-E910FABCE5B8} = {79415A6F-1CAD-35FD-A50C-E910FABCE5B8}
	EndProjectSection
EndProject
Project("{8BC9CEB8-8B4A-11D0-8D11-00A0C91BC942}") = "lightsurgeon_core", "lightsurgeon_core.vcxproj", "{79415A6F-1CAD-35FD-A50C-E910FABCE5B8}"
	ProjectSection(ProjectDependencies) = postProject
		{D6C75A9B-9716-319D-88FE-DE0A8110D66E} = {D6C75A9B-9716-319D-88FE-DE0A8110D66E}
	EndProjectSection
EndProject
Project("{8BC9CEB8-8B4A-11D0-8D11-00A0C91BC942}") = "lightsurgeon_tests", "lightsurgeon_tests.vcxproj", "{48A5DD58-AD7B-32F1-9ECF-D95B435DC88E}"
	ProjectSection(ProjectDependencies) = postProject
		{D6C75A9B-9716-319D-88FE-DE0A8110D66E} = {D6C75A9B-9716-319D-88FE-DE0A8110D66E}
		{79415A6F-1CAD-35FD-A50C-E910FABCE5B8} = {79415A6F-1CAD-35FD-A50C-E910FABCE5B8}
	EndProjectSection
EndProject
Global
	GlobalSection(SolutionConfigurationPlatforms) = preSolution
		Debug|x64 = Debug|x64
		Release|x64 = Release|x64
		MinSizeRel|x64 = MinSizeRel|x64
		RelWithDebInfo|x64 = RelWithDebInfo|x64
	EndGlobalSection
	GlobalSection(ProjectConfigurationPlatforms) = postSolution
		{4D9C4CC4-35AC-367F-81BA-590EFF160A51}.Debug|x64.ActiveCfg = Debug|x64
		{4D9C4CC4-35AC-367F-81BA-590EFF160A51}.Debug|x64.Build.0 = Debug|x64
		{4D9C4CC4-35AC-367F-81BA-590EFF160A51}.Release|x64.ActiveCfg = Release|x64
		{4D9C4CC4-35AC-367F-81BA-590EFF160A51}.Release|x64.Build.0 = Release|x64
		{4D9C4CC4-35AC-367F-81BA-590EFF160A51}.MinSizeRel|x64.ActiveCfg = MinSizeRel|x64
		{4D9C4CC4-35AC-367F-81BA-590EFF160A51}.MinSizeRel|x64.Build.0 = MinSizeRel|x64
		{4D9C4CC4-35AC-367F-81BA-590EFF160A51}.RelWithDebInfo|x64.ActiveCfg = RelWithDebInfo|x64
		{4D9C4CC4-35AC-367F-81BA-590EFF160A51}.RelWithDebInfo|x64.Build.0 = RelWithDebInfo|x64
		{FAFCB13B-BB91-3704-B305-DDAC22579C6C}.Debug|x64.ActiveCfg = Debug|x64
		{FAFCB13B-BB91-3704-B305-DDAC22579C6C}.Release|x64.ActiveCfg = Release|x64
		{FAFCB13B-BB91-3704-B305-DDAC22579C6C}.MinSizeRel|x64.ActiveCfg = MinSizeRel|x64
		{FAFCB13B-BB91-3704-B305-DDAC22579C6C}.RelWithDebInfo|x64.ActiveCfg = RelWithDebInfo|x64
		{F8E7E6EB-D2B6-3349-8722-A30C312B5823}.Debug|x64.ActiveCfg = Debug|x64
		{F8E7E6EB-D2B6-3349-8722-A30C312B5823}.Release|x64.ActiveCfg = Release|x64
		{F8E7E6EB-D2B6-3349-8722-A30C312B5823}.MinSizeRel|x64.ActiveCfg = MinSizeRel|x64
		{F8E7E6EB-D2B6-3349-8722-A30C312B5823}.RelWithDebInfo|x64.ActiveCfg = RelWithDebInfo|x64
		{D6C75A9B-9716-319D-88FE-DE0A8110D66E}.Debug|x64.ActiveCfg = Debug|x64
		{D6C75A9B-9716-319D-88FE-DE0A8110D66E}.Debug|x64.Build.0 = Debug|x64
		{D6C75A9B-9716-319D-88FE-DE0A8110D66E}.Release|x64.ActiveCfg = Release|x64
		{D6C75A9B-9716-319D-88FE-DE0A8110D66E}.Release|x64.Build.0 = Release|x64
		{D6C75A9B-9716-319D-88FE-DE0A8110D66E}.MinSizeRel|x64.ActiveCfg = MinSizeRel|x64
		{D6C75A9B-9716-319D-88FE-DE0A8110D66E}.MinSizeRel|x64.Build.0 = MinSizeRel|x64
		{D6C75A9B-9716-319D-88FE-DE0A8110D66E}.RelWithDebInfo|x64.ActiveCfg = RelWithDebInfo|x64
		{D6C75A9B-9716-319D-88FE-DE0A8110D66E}.RelWithDebInfo|x64.Build.0 = RelWithDebInfo|x64
		{AEE439AA-A596-3DDB-ABEF-076B2C984721}.Debug|x64.ActiveCfg = Debug|x64
		{AEE439AA-A596-3DDB-ABEF-076B2C984721}.Debug|x64.Build.0 = Debug|x64
		{AEE439AA-A596-3DDB-ABEF-076B2C984721}.Release|x64.ActiveCfg = Release|x64
		{AEE439AA-A596-3DDB-ABEF-076B2C984721}.Release|x64.Build.0 = Release|x64
		{AEE439AA-A596-3DDB-ABEF-076B2C984721}.MinSizeRel|x64.ActiveCfg = MinSizeRel|x64
		{AEE439AA-A596-3DDB-ABEF-076B2C984721}.MinSizeRel|x64.Build.0 = MinSizeRel|x64
		{AEE439AA-A596-3DDB-ABEF-076B2C984721}.RelWithDebInfo|x64.ActiveCfg = RelWithDebInfo|x64
		{AEE439AA-A596-3DDB-ABEF-076B2C984721}.RelWithDebInfo|x64.Build.0 = RelWithDebInfo|x64
		{3F9FC9BD-1002-3A18-A295-EEDFB03F2602}.Debug|x64.ActiveCfg = Debug|x64
		{3F9FC9BD-1002-3A18-A295-EEDFB03F2602}.Debug|x64.Build.0 = Debug|x64
		{3F9FC9BD-1002-3A18-A295-EEDFB03F2602}.Release|x64.ActiveCfg = Release|x64
		{3F9FC9BD-1002-3A18-A295-EEDFB03F2602}.Release|x64.Build.0 = Release|x64
		{3F9FC9BD-1002-3A18-A295-EEDFB03F2602}.MinSizeRel|x64.ActiveCfg = MinSizeRel|x64
		{3F9FC9BD-1002-3A18-A295-EEDFB03F2602}.MinSizeRel|x64.Build.0 = MinSizeRel|x64
		{3F9FC9BD-1002-3A18-A295-EEDFB03F2602}.RelWithDebInfo|x64.ActiveCfg = RelWithDebInfo|x64
		{3F9FC9BD-1002-3A18-A295-EEDFB03F2602}.RelWithDebInfo|x64.Build.0 = RelWithDebInfo|x64
		{79415A6F-1CAD-35FD-A50C-E910FABCE5B8}.Debug|x64.ActiveCfg = Debug|x64
		{79415A6F-1CAD-35FD-A50C-E910FABCE5B8}.Debug|x64.Build.0 = Debug|x64
		{79415A6F-1CAD-35FD-A50C-E910FABCE5B8}.Release|x64.ActiveCfg = Release|x64
		{79415A6F-1CAD-35FD-A50C-E910FABCE5B8}.Release|x64.Build.0 = Release|x64
		{79415A6F-1CAD-35FD-A50C-E910FABCE5B8}.MinSizeRel|x64.ActiveCfg = MinSizeRel|x64
		{79415A6F-1CAD-35FD-A50C-E910FABCE5B8}.MinSizeRel|x64.Build.0 = MinSizeRel|x64
		{79415A6F-1CAD-35FD-A50C-E910FABCE5B8}.RelWithDebInfo|x64.ActiveCfg = RelWithDebInfo|x64
		{79415A6F-1CAD-35FD-A50C-E910FABCE5B8}.RelWithDebInfo|x64.Build.0 = RelWithDebInfo|x64
		{48A5DD58-AD7B-32F1-9ECF-D95B435DC88E}.Debug|x64.ActiveCfg = Debug|x64
		{48A5DD58-AD7B-32F1-9ECF-D95B435DC88E}.Debug|x64.Build.0 = Debug|x64
		{48A5DD58-AD7B-32F1-9ECF-D95B435DC88E}.Release|x64.ActiveCfg = Release|x64
		{48A5DD58-AD7B-32F1-9ECF-D95B435DC88E}.Release|x64.Build.0 = Release|x64
		{48A5DD58-AD7B-32F1-9ECF-D95B435DC88E}.MinSizeRel|x64.ActiveCfg = MinSizeRel|x64
		{48A5DD58-AD7B-32F1-9ECF-D95B435DC88E}.MinSizeRel|x64.Build.0 = MinSizeRel|x64
		{48A5DD58-AD7B-32F1-9ECF-D95B435DC88E}.RelWithDebInfo|x64.ActiveCfg = RelWithDebInfo|x64
		{48A5DD58-AD7B-32F1-9ECF-D95B435DC88E}.RelWithDebInfo|x64.Build.0 = RelWithDebInfo|x64
	EndGlobalSection
	GlobalSection(ExtensibilityGlobals) = postSolution
		SolutionGuid = {A2143CF3-A6FF-3625-ABAA-94C19C98F7B3}
	EndGlobalSection
	GlobalSection(ExtensibilityAddIns) = postSolution
	EndGlobalSection
EndGlobal
